
Microsoft Visual Studio Solution File, Format Version 12.00
# Visual Studio Version 17
VisualStudioVersion = 17.8.34330.188
MinimumVisualStudioVersion = 10.0.40219.1
Project("{FAE04EC0-301F-11D3-BF4B-00C04F79EFBC}") = "GitFun", "GitFun.csproj", "{AEF90818-7056-447E-B41F-814197544836}"
EndProject
Global
	GlobalSection(SolutionConfigurationPlatforms) = preSolution
		Debug|Any CPU = Debug|Any CPU
		Release|Any CPU = Release|Any CPU
	EndGlobalSection
	GlobalSection(ProjectConfigurationPlatforms) = postSolution
		{AEF90818-7056-447E-B41F-814197544836}.Debug|Any CPU.ActiveCfg = Debug|Any CPU
		{AEF90818-7056-447E-B41F-814197544836}.Debug|Any CPU.Build.0 = Debug|Any CPU
		{AEF90818-7056-447E-B41F-814197544836}.Release|Any CPU.ActiveCfg = Release|Any CPU
		{AEF90818-7056-447E-B41F-814197544836}.Release|Any CPU.Build.0 = Release|Any CPU
	EndGlobalSection
	GlobalSection(SolutionProperties) = preSolution
		HideSolutionNode = FALSE
	EndGlobalSection
	GlobalSection(ExtensibilityGlobals) = postSolution
		SolutionGuid = {3C2693E2-EDE9-4251-AF9D-B3691122F978}
	EndGlobalSection
EndGlobal
